
Microsoft Visual Studio Solution File, Format Version 12.00
# Visual Studio Version 16
VisualStudioVersion = 16.0.31205.134
MinimumVisualStudioVersion = 10.0.40219.1
Project("{FAE04EC0-301F-11D3-BF4B-00C04F79EFBC}") = "BusinessERP", "BusinessERP.csproj", "{FD020285-09DC-427B-9CE6-7DEBFB9775CD}"
EndProject
Global
	GlobalSection(SolutionConfigurationPlatforms) = preSolution
		Debug|Any CPU = Debug|Any CPU
		Release|Any CPU = Release|Any CPU
	EndGlobalSection
	GlobalSection(ProjectConfigurationPlatforms) = postSolution
		{FD020285-09DC-427B-9CE6-7DEBFB9775CD}.Debug|Any CPU.ActiveCfg = Debug|Any CPU
		{FD020285-09DC-427B-9CE6-7DEBFB9775CD}.Debug|Any CPU.Build.0 = Debug|Any CPU
		{FD020285-09DC-427B-9CE6-7DEBFB9775CD}.Release|Any CPU.ActiveCfg = Release|Any CPU
		{FD020285-09DC-427B-9CE6-7DEBFB9775CD}.Release|Any CPU.Build.0 = Release|Any CPU
	EndGlobalSection
	GlobalSection(SolutionProperties) = preSolution
		HideSolutionNode = FALSE
	EndGlobalSection
	GlobalSection(ExtensibilityGlobals) = postSolution
		SolutionGuid = {99BE9E2A-49F9-4E88-B956-0B5B94F2F66E}
	EndGlobalSection
EndGlobal
